// !$*UTF8*$!
{
	archiveVersion = 1;
	classes = {
	};
	objectVersion = 56;
	objects = {

/* Begin PBXBuildFile section */
		44159EB62AC07882002A4790 /* SDWebImage in Frameworks */ = {isa = PBXBuildFile; productRef = 44159EB52AC07882002A4790 /* SDWebImage */; };
		44159EB82AC07882002A4790 /* SDWebImageMapKit in Frameworks */ = {isa = PBXBuildFile; productRef = 44159EB72AC07882002A4790 /* SDWebImageMapKit */; };
		442440632AC064660090279B /* AppDelegate.swift in Sources */ = {isa = PBXBuildFile; fileRef = 442440622AC064660090279B /* AppDelegate.swift */; };
		442440652AC064660090279B /* SceneDelegate.swift in Sources */ = {isa = PBXBuildFile; fileRef = 442440642AC064660090279B /* SceneDelegate.swift */; };
		442440672AC064660090279B /* ViewController.swift in Sources */ = {isa = PBXBuildFile; fileRef = 442440662AC064660090279B /* ViewController.swift */; };
		4424406A2AC064660090279B /* Main.storyboard in Resources */ = {isa = PBXBuildFile; fileRef = 442440682AC064660090279B /* Main.storyboard */; };
		4424406C2AC064670090279B /* Assets.xcassets in Resources */ = {isa = PBXBuildFile; fileRef = 4424406B2AC064670090279B /* Assets.xcassets */; };
		4424406F2AC064670090279B /* LaunchScreen.storyboard in Resources */ = {isa = PBXBuildFile; fileRef = 4424406D2AC064670090279B /* LaunchScreen.storyboard */; };
		442440772AC064EC0090279B /* Builder.swift in Sources */ = {isa = PBXBuildFile; fileRef = 442440762AC064EC0090279B /* Builder.swift */; };
		442440792AC065070090279B /* BuilderProtocol.swift in Sources */ = {isa = PBXBuildFile; fileRef = 442440782AC065070090279B /* BuilderProtocol.swift */; };
		4424407B2AC065470090279B /* PhotoPickerManager.swift in Sources */ = {isa = PBXBuildFile; fileRef = 4424407A2AC065470090279B /* PhotoPickerManager.swift */; };
		4424407D2AC065640090279B /* PhotoViewController.swift in Sources */ = {isa = PBXBuildFile; fileRef = 4424407C2AC065640090279B /* PhotoViewController.swift */; };
		4424407F2AC0657C0090279B /* LoadingCell.swift in Sources */ = {isa = PBXBuildFile; fileRef = 4424407E2AC0657C0090279B /* LoadingCell.swift */; };
		442440812AC065930090279B /* PhotoTableViewCell.swift in Sources */ = {isa = PBXBuildFile; fileRef = 442440802AC065930090279B /* PhotoTableViewCell.swift */; };
		442440832AC065A80090279B /* PhotoViewModel.swift in Sources */ = {isa = PBXBuildFile; fileRef = 442440822AC065A80090279B /* PhotoViewModel.swift */; };
		442440852AC065C10090279B /* PhotoViewModelProtocol.swift in Sources */ = {isa = PBXBuildFile; fileRef = 442440842AC065C10090279B /* PhotoViewModelProtocol.swift */; };
		442440872AC065D60090279B /* ImagePostRequest.swift in Sources */ = {isa = PBXBuildFile; fileRef = 442440862AC065D60090279B /* ImagePostRequest.swift */; };
		442440892AC065EE0090279B /* PageModel.swift in Sources */ = {isa = PBXBuildFile; fileRef = 442440882AC065EE0090279B /* PageModel.swift */; };
		4424408B2AC0660A0090279B /* NetworkService.swift in Sources */ = {isa = PBXBuildFile; fileRef = 4424408A2AC0660A0090279B /* NetworkService.swift */; };
		4424408D2AC066230090279B /* NetworkServiceProtocol.swift in Sources */ = {isa = PBXBuildFile; fileRef = 4424408C2AC066230090279B /* NetworkServiceProtocol.swift */; };
		4424408F2AC066390090279B /* EndPointType.swift in Sources */ = {isa = PBXBuildFile; fileRef = 4424408E2AC066390090279B /* EndPointType.swift */; };
		F7BE4DE15DCF995A11BA2D81 /* Pods_TestAppForBalinasoft.framework in Frameworks */ = {isa = PBXBuildFile; fileRef = EEC8D8DEA01A2655257132CA /* Pods_TestAppForBalinasoft.framework */; };
/* End PBXBuildFile section */

/* Begin PBXFileReference section */
		4424405F2AC064660090279B /* TestAppForBalinasoft.app */ = {isa = PBXFileReference; explicitFileType = wrapper.application; includeInIndex = 0; path = TestAppForBalinasoft.app; sourceTree = BUILT_PRODUCTS_DIR; };
		442440622AC064660090279B /* AppDelegate.swift */ = {isa = PBXFileReference; lastKnownFileType = sourcecode.swift; path = AppDelegate.swift; sourceTree = "<group>"; };
		442440642AC064660090279B /* SceneDelegate.swift */ = {isa = PBXFileReference; lastKnownFileType = sourcecode.swift; path = SceneDelegate.swift; sourceTree = "<group>"; };
		442440662AC064660090279B /* ViewController.swift */ = {isa = PBXFileReference; lastKnownFileType = sourcecode.swift; path = ViewController.swift; sourceTree = "<group>"; };
		442440692AC064660090279B /* Base */ = {isa = PBXFileReference; lastKnownFileType = file.storyboard; name = Base; path = Base.lproj/Main.storyboard; sourceTree = "<group>"; };
		4424406B2AC064670090279B /* Assets.xcassets */ = {isa = PBXFileReference; lastKnownFileType = folder.assetcatalog; path = Assets.xcassets; sourceTree = "<group>"; };
		4424406E2AC064670090279B /* Base */ = {isa = PBXFileReference; lastKnownFileType = file.storyboard; name = Base; path = Base.lproj/LaunchScreen.storyboard; sourceTree = "<group>"; };
		442440702AC064670090279B /* Info.plist */ = {isa = PBXFileReference; lastKnownFileType = text.plist.xml; path = Info.plist; sourceTree = "<group>"; };
		442440762AC064EC0090279B /* Builder.swift */ = {isa = PBXFileReference; lastKnownFileType = sourcecode.swift; path = Builder.swift; sourceTree = "<group>"; };
		442440782AC065070090279B /* BuilderProtocol.swift */ = {isa = PBXFileReference; lastKnownFileType = sourcecode.swift; path = BuilderProtocol.swift; sourceTree = "<group>"; };
		4424407A2AC065470090279B /* PhotoPickerManager.swift */ = {isa = PBXFileReference; lastKnownFileType = sourcecode.swift; path = PhotoPickerManager.swift; sourceTree = "<group>"; };
		4424407C2AC065640090279B /* PhotoViewController.swift */ = {isa = PBXFileReference; lastKnownFileType = sourcecode.swift; path = PhotoViewController.swift; sourceTree = "<group>"; };
		4424407E2AC0657C0090279B /* LoadingCell.swift */ = {isa = PBXFileReference; lastKnownFileType = sourcecode.swift; path = LoadingCell.swift; sourceTree = "<group>"; };
		442440802AC065930090279B /* PhotoTableViewCell.swift */ = {isa = PBXFileReference; lastKnownFileType = sourcecode.swift; path = PhotoTableViewCell.swift; sourceTree = "<group>"; };
		442440822AC065A80090279B /* PhotoViewModel.swift */ = {isa = PBXFileReference; lastKnownFileType = sourcecode.swift; path = PhotoViewModel.swift; sourceTree = "<group>"; };
		442440842AC065C10090279B /* PhotoViewModelProtocol.swift */ = {isa = PBXFileReference; lastKnownFileType = sourcecode.swift; path = PhotoViewModelProtocol.swift; sourceTree = "<group>"; };
		442440862AC065D60090279B /* ImagePostRequest.swift */ = {isa = PBXFileReference; lastKnownFileType = sourcecode.swift; path = ImagePostRequest.swift; sourceTree = "<group>"; };
		442440882AC065EE0090279B /* PageModel.swift */ = {isa = PBXFileReference; lastKnownFileType = sourcecode.swift; path = PageModel.swift; sourceTree = "<group>"; };
		4424408A2AC0660A0090279B /* NetworkService.swift */ = {isa = PBXFileReference; lastKnownFileType = sourcecode.swift; path = NetworkService.swift; sourceTree = "<group>"; };
		4424408C2AC066230090279B /* NetworkServiceProtocol.swift */ = {isa = PBXFileReference; lastKnownFileType = sourcecode.swift; path = NetworkServiceProtocol.swift; sourceTree = "<group>"; };
		4424408E2AC066390090279B /* EndPointType.swift */ = {isa = PBXFileReference; lastKnownFileType = sourcecode.swift; path = EndPointType.swift; sourceTree = "<group>"; };
		DA285F3ECCD2A3C026A6963F /* Pods-TestAppForBalinasoft.release.xcconfig */ = {isa = PBXFileReference; includeInIndex = 1; lastKnownFileType = text.xcconfig; name = "Pods-TestAppForBalinasoft.release.xcconfig"; path = "Target Support Files/Pods-TestAppForBalinasoft/Pods-TestAppForBalinasoft.release.xcconfig"; sourceTree = "<group>"; };
		E8D5D93CA85EB20539AB2BD5 /* Pods-TestAppForBalinasoft.debug.xcconfig */ = {isa = PBXFileReference; includeInIndex = 1; lastKnownFileType = text.xcconfig; name = "Pods-TestAppForBalinasoft.debug.xcconfig"; path = "Target Support Files/Pods-TestAppForBalinasoft/Pods-TestAppForBalinasoft.debug.xcconfig"; sourceTree = "<group>"; };
		EEC8D8DEA01A2655257132CA /* Pods_TestAppForBalinasoft.framework */ = {isa = PBXFileReference; explicitFileType = wrapper.framework; includeInIndex = 0; path = Pods_TestAppForBalinasoft.framework; sourceTree = BUILT_PRODUCTS_DIR; };
/* End PBXFileReference section */

/* Begin PBXFrameworksBuildPhase section */
		4424405C2AC064660090279B /* Frameworks */ = {
			isa = PBXFrameworksBuildPhase;
			buildActionMask = 2147483647;
			files = (
				44159EB62AC07882002A4790 /* SDWebImage in Frameworks */,
				44159EB82AC07882002A4790 /* SDWebImageMapKit in Frameworks */,
				F7BE4DE15DCF995A11BA2D81 /* Pods_TestAppForBalinasoft.framework in Frameworks */,
			);
			runOnlyForDeploymentPostprocessing = 0;
		};
/* End PBXFrameworksBuildPhase section */

/* Begin PBXGroup section */
		13211EEF51031B4DAE25DE92 /* Frameworks */ = {
			isa = PBXGroup;
			children = (
				EEC8D8DEA01A2655257132CA /* Pods_TestAppForBalinasoft.framework */,
			);
			name = Frameworks;
			sourceTree = "<group>";
		};
		442440562AC064660090279B = {
			isa = PBXGroup;
			children = (
				442440612AC064660090279B /* TestAppForBalinasoft */,
				442440602AC064660090279B /* Products */,
				B7CD4D5146B122F9703D9B46 /* Pods */,
				13211EEF51031B4DAE25DE92 /* Frameworks */,
			);
			sourceTree = "<group>";
		};
		442440602AC064660090279B /* Products */ = {
			isa = PBXGroup;
			children = (
				4424405F2AC064660090279B /* TestAppForBalinasoft.app */,
			);
			name = Products;
			sourceTree = "<group>";
		};
		442440612AC064660090279B /* TestAppForBalinasoft */ = {
			isa = PBXGroup;
			children = (
				44F414352AC06FF20028C49A /* Protocol */,
				44F414342AC06FCE0028C49A /* ViewControllers */,
				44F414332AC06F990028C49A /* Service */,
				44F414322AC06F560028C49A /* Helper */,
				44F414312AC06EF10028C49A /* CellOnApp */,
				44F414302AC06E8A0028C49A /* Models */,
				442440622AC064660090279B /* AppDelegate.swift */,
				442440642AC064660090279B /* SceneDelegate.swift */,
				442440682AC064660090279B /* Main.storyboard */,
				4424406B2AC064670090279B /* Assets.xcassets */,
				4424406D2AC064670090279B /* LaunchScreen.storyboard */,
				442440702AC064670090279B /* Info.plist */,
			);
			path = TestAppForBalinasoft;
			sourceTree = "<group>";
		};
		44F414302AC06E8A0028C49A /* Models */ = {
			isa = PBXGroup;
			children = (
				442440822AC065A80090279B /* PhotoViewModel.swift */,
				442440882AC065EE0090279B /* PageModel.swift */,
			);
			path = Models;
			sourceTree = "<group>";
		};
		44F414312AC06EF10028C49A /* CellOnApp */ = {
			isa = PBXGroup;
			children = (
				4424407E2AC0657C0090279B /* LoadingCell.swift */,
				442440802AC065930090279B /* PhotoTableViewCell.swift */,
			);
			path = CellOnApp;
			sourceTree = "<group>";
		};
		44F414322AC06F560028C49A /* Helper */ = {
			isa = PBXGroup;
			children = (
				4424407A2AC065470090279B /* PhotoPickerManager.swift */,
				442440762AC064EC0090279B /* Builder.swift */,
			);
			path = Helper;
			sourceTree = "<group>";
		};
		44F414332AC06F990028C49A /* Service */ = {
			isa = PBXGroup;
			children = (
				4424408A2AC0660A0090279B /* NetworkService.swift */,
				4424408E2AC066390090279B /* EndPointType.swift */,
				442440862AC065D60090279B /* ImagePostRequest.swift */,
			);
			path = Service;
			sourceTree = "<group>";
		};
		44F414342AC06FCE0028C49A /* ViewControllers */ = {
			isa = PBXGroup;
			children = (
				4424407C2AC065640090279B /* PhotoViewController.swift */,
				442440662AC064660090279B /* ViewController.swift */,
			);
			path = ViewControllers;
			sourceTree = "<group>";
		};
		44F414352AC06FF20028C49A /* Protocol */ = {
			isa = PBXGroup;
			children = (
				4424408C2AC066230090279B /* NetworkServiceProtocol.swift */,
				442440842AC065C10090279B /* PhotoViewModelProtocol.swift */,
				442440782AC065070090279B /* BuilderProtocol.swift */,
			);
			path = Protocol;
			sourceTree = "<group>";
		};
		B7CD4D5146B122F9703D9B46 /* Pods */ = {
			isa = PBXGroup;
			children = (
				E8D5D93CA85EB20539AB2BD5 /* Pods-TestAppForBalinasoft.debug.xcconfig */,
				DA285F3ECCD2A3C026A6963F /* Pods-TestAppForBalinasoft.release.xcconfig */,
			);
			path = Pods;
			sourceTree = "<group>";
		};
/* End PBXGroup section */

/* Begin PBXNativeTarget section */
		4424405E2AC064660090279B /* TestAppForBalinasoft */ = {
			isa = PBXNativeTarget;
			buildConfigurationList = 442440732AC064670090279B /* Build configuration list for PBXNativeTarget "TestAppForBalinasoft" */;
			buildPhases = (
				F87937215D03F43C0C3D88F2 /* [CP] Check Pods Manifest.lock */,
				4424405B2AC064660090279B /* Sources */,
				4424405C2AC064660090279B /* Frameworks */,
				4424405D2AC064660090279B /* Resources */,
				7B91B0D3CAFCC4DD6F4733F0 /* [CP] Embed Pods Frameworks */,
			);
			buildRules = (
			);
			dependencies = (
			);
			name = TestAppForBalinasoft;
			packageProductDependencies = (
				44159EB52AC07882002A4790 /* SDWebImage */,
				44159EB72AC07882002A4790 /* SDWebImageMapKit */,
			);
			productName = TestAppForBalinasoft;
			productReference = 4424405F2AC064660090279B /* TestAppForBalinasoft.app */;
			productType = "com.apple.product-type.application";
		};
/* End PBXNativeTarget section */

/* Begin PBXProject section */
		442440572AC064660090279B /* Project object */ = {
			isa = PBXProject;
			attributes = {
				BuildIndependentTargetsInParallel = 1;
				LastSwiftUpdateCheck = 1500;
				LastUpgradeCheck = 1500;
				TargetAttributes = {
					4424405E2AC064660090279B = {
						CreatedOnToolsVersion = 15.0;
					};
				};
			};
			buildConfigurationList = 4424405A2AC064660090279B /* Build configuration list for PBXProject "TestAppForBalinasoft" */;
			compatibilityVersion = "Xcode 14.0";
			developmentRegion = en;
			hasScannedForEncodings = 0;
			knownRegions = (
				en,
				Base,
			);
			mainGroup = 442440562AC064660090279B;
			packageReferences = (
				44159EB42AC07882002A4790 /* XCRemoteSwiftPackageReference "SDWebImage" */,
			);
			productRefGroup = 442440602AC064660090279B /* Products */;
			projectDirPath = "";
			projectRoot = "";
			targets = (
				4424405E2AC064660090279B /* TestAppForBalinasoft */,
			);
		};
/* End PBXProject section */

/* Begin PBXResourcesBuildPhase section */
		4424405D2AC064660090279B /* Resources */ = {
			isa = PBXResourcesBuildPhase;
			buildActionMask = 2147483647;
			files = (
				4424406F2AC064670090279B /* LaunchScreen.storyboard in Resources */,
				4424406C2AC064670090279B /* Assets.xcassets in Resources */,
				4424406A2AC064660090279B /* Main.storyboard in Resources */,
			);
			runOnlyForDeploymentPostprocessing = 0;
		};
/* End PBXResourcesBuildPhase section */

/* Begin PBXShellScriptBuildPhase section */
		7B91B0D3CAFCC4DD6F4733F0 /* [CP] Embed Pods Frameworks */ = {
			isa = PBXShellScriptBuildPhase;
			buildActionMask = 2147483647;
			files = (
			);
			inputFileListPaths = (
				"${PODS_ROOT}/Target Support Files/Pods-TestAppForBalinasoft/Pods-TestAppForBalinasoft-frameworks-${CONFIGURATION}-input-files.xcfilelist",
			);
			name = "[CP] Embed Pods Frameworks";
			outputFileListPaths = (
				"${PODS_ROOT}/Target Support Files/Pods-TestAppForBalinasoft/Pods-TestAppForBalinasoft-frameworks-${CONFIGURATION}-output-files.xcfilelist",
			);
			runOnlyForDeploymentPostprocessing = 0;
			shellPath = /bin/sh;
			shellScript = "\"${PODS_ROOT}/Target Support Files/Pods-TestAppForBalinasoft/Pods-TestAppForBalinasoft-frameworks.sh\"\n";
			showEnvVarsInLog = 0;
		};
		F87937215D03F43C0C3D88F2 /* [CP] Check Pods Manifest.lock */ = {
			isa = PBXShellScriptBuildPhase;
			buildActionMask = 2147483647;
			files = (
			);
			inputFileListPaths = (
			);
			inputPaths = (
				"${PODS_PODFILE_DIR_PATH}/Podfile.lock",
				"${PODS_ROOT}/Manifest.lock",
			);
			name = "[CP] Check Pods Manifest.lock";
			outputFileListPaths = (
			);
			outputPaths = (
				"$(DERIVED_FILE_DIR)/Pods-TestAppForBalinasoft-checkManifestLockResult.txt",
			);
			runOnlyForDeploymentPostprocessing = 0;
			shellPath = /bin/sh;
			shellScript = "diff \"${PODS_PODFILE_DIR_PATH}/Podfile.lock\" \"${PODS_ROOT}/Manifest.lock\" > /dev/null\nif [ $? != 0 ] ; then\n    # print error to STDERR\n    echo \"error: The sandbox is not in sync with the Podfile.lock. Run 'pod install' or update your CocoaPods installation.\" >&2\n    exit 1\nfi\n# This output is used by Xcode 'outputs' to avoid re-running this script phase.\necho \"SUCCESS\" > \"${SCRIPT_OUTPUT_FILE_0}\"\n";
			showEnvVarsInLog = 0;
		};
/* End PBXShellScriptBuildPhase section */

/* Begin PBXSourcesBuildPhase section */
		4424405B2AC064660090279B /* Sources */ = {
			isa = PBXSourcesBuildPhase;
			buildActionMask = 2147483647;
			files = (
				4424408F2AC066390090279B /* EndPointType.swift in Sources */,
				4424407B2AC065470090279B /* PhotoPickerManager.swift in Sources */,
				442440792AC065070090279B /* BuilderProtocol.swift in Sources */,
				4424407F2AC0657C0090279B /* LoadingCell.swift in Sources */,
				442440672AC064660090279B /* ViewController.swift in Sources */,
				442440632AC064660090279B /* AppDelegate.swift in Sources */,
				442440812AC065930090279B /* PhotoTableViewCell.swift in Sources */,
				4424408B2AC0660A0090279B /* NetworkService.swift in Sources */,
				4424407D2AC065640090279B /* PhotoViewController.swift in Sources */,
				442440872AC065D60090279B /* ImagePostRequest.swift in Sources */,
				442440892AC065EE0090279B /* PageModel.swift in Sources */,
				442440652AC064660090279B /* SceneDelegate.swift in Sources */,
				442440852AC065C10090279B /* PhotoViewModelProtocol.swift in Sources */,
				442440772AC064EC0090279B /* Builder.swift in Sources */,
				442440832AC065A80090279B /* PhotoViewModel.swift in Sources */,
				4424408D2AC066230090279B /* NetworkServiceProtocol.swift in Sources */,
			);
			runOnlyForDeploymentPostprocessing = 0;
		};
/* End PBXSourcesBuildPhase section */

/* Begin PBXVariantGroup section */
		442440682AC064660090279B /* Main.storyboard */ = {
			isa = PBXVariantGroup;
			children = (
				442440692AC064660090279B /* Base */,
			);
			name = Main.storyboard;
			sourceTree = "<group>";
		};
		4424406D2AC064670090279B /* LaunchScreen.storyboard */ = {
			isa = PBXVariantGroup;
			children = (
				4424406E2AC064670090279B /* Base */,
			);
			name = LaunchScreen.storyboard;
			sourceTree = "<group>";
		};
/* End PBXVariantGroup section */

/* Begin XCBuildConfiguration section */
		442440712AC064670090279B /* Debug */ = {
			isa = XCBuildConfiguration;
			buildSettings = {
				ALWAYS_SEARCH_USER_PATHS = NO;
				ASSETCATALOG_COMPILER_GENERATE_SWIFT_ASSET_SYMBOL_EXTENSIONS = YES;
				CLANG_ANALYZER_NONNULL = YES;
				CLANG_ANALYZER_NUMBER_OBJECT_CONVERSION = YES_AGGRESSIVE;
				CLANG_CXX_LANGUAGE_STANDARD = "gnu++20";
				CLANG_ENABLE_MODULES = YES;
				CLANG_ENABLE_OBJC_ARC = YES;
				CLANG_ENABLE_OBJC_WEAK = YES;
				CLANG_WARN_BLOCK_CAPTURE_AUTORELEASING = YES;
				CLANG_WARN_BOOL_CONVERSION = YES;
				CLANG_WARN_COMMA = YES;
				CLANG_WARN_CONSTANT_CONVERSION = YES;
				CLANG_WARN_DEPRECATED_OBJC_IMPLEMENTATIONS = YES;
				CLANG_WARN_DIRECT_OBJC_ISA_USAGE = YES_ERROR;
				CLANG_WARN_DOCUMENTATION_COMMENTS = YES;
				CLANG_WARN_EMPTY_BODY = YES;
				CLANG_WARN_ENUM_CONVERSION = YES;
				CLANG_WARN_INFINITE_RECURSION = YES;
				CLANG_WARN_INT_CONVERSION = YES;
				CLANG_WARN_NON_LITERAL_NULL_CONVERSION = YES;
				CLANG_WARN_OBJC_IMPLICIT_RETAIN_SELF = YES;
				CLANG_WARN_OBJC_LITERAL_CONVERSION = YES;
				CLANG_WARN_OBJC_ROOT_CLASS = YES_ERROR;
				CLANG_WARN_QUOTED_INCLUDE_IN_FRAMEWORK_HEADER = YES;
				CLANG_WARN_RANGE_LOOP_ANALYSIS = YES;
				CLANG_WARN_STRICT_PROTOTYPES = YES;
				CLANG_WARN_SUSPICIOUS_MOVE = YES;
				CLANG_WARN_UNGUARDED_AVAILABILITY = YES_AGGRESSIVE;
				CLANG_WARN_UNREACHABLE_CODE = YES;
				CLANG_WARN__DUPLICATE_METHOD_MATCH = YES;
				COPY_PHASE_STRIP = NO;
				DEBUG_INFORMATION_FORMAT = dwarf;
				ENABLE_STRICT_OBJC_MSGSEND = YES;
				ENABLE_TESTABILITY = YES;
				ENABLE_USER_SCRIPT_SANDBOXING = NO;
				GCC_C_LANGUAGE_STANDARD = gnu17;
				GCC_DYNAMIC_NO_PIC = NO;
				GCC_NO_COMMON_BLOCKS = YES;
				GCC_OPTIMIZATION_LEVEL = 0;
				GCC_PREPROCESSOR_DEFINITIONS = (
					"DEBUG=1",
					"$(inherited)",
				);
				GCC_WARN_64_TO_32_BIT_CONVERSION = YES;
				GCC_WARN_ABOUT_RETURN_TYPE = YES_ERROR;
				GCC_WARN_UNDECLARED_SELECTOR = YES;
				GCC_WARN_UNINITIALIZED_AUTOS = YES_AGGRESSIVE;
				GCC_WARN_UNUSED_FUNCTION = YES;
				GCC_WARN_UNUSED_VARIABLE = YES;
				IPHONEOS_DEPLOYMENT_TARGET = 15.4;
				LOCALIZATION_PREFERS_STRING_CATALOGS = YES;
				MTL_ENABLE_DEBUG_INFO = INCLUDE_SOURCE;
				MTL_FAST_MATH = YES;
				ONLY_ACTIVE_ARCH = YES;
				SDKROOT = iphoneos;
				SWIFT_ACTIVE_COMPILATION_CONDITIONS = "DEBUG $(inherited)";
				SWIFT_OPTIMIZATION_LEVEL = "-Onone";
			};
			name = Debug;
		};
		442440722AC064670090279B /* Release */ = {
			isa = XCBuildConfiguration;
			buildSettings = {
				ALWAYS_SEARCH_USER_PATHS = NO;
				ASSETCATALOG_COMPILER_GENERATE_SWIFT_ASSET_SYMBOL_EXTENSIONS = YES;
				CLANG_ANALYZER_NONNULL = YES;
				CLANG_ANALYZER_NUMBER_OBJECT_CONVERSION = YES_AGGRESSIVE;
				CLANG_CXX_LANGUAGE_STANDARD = "gnu++20";
				CLANG_ENABLE_MODULES = YES;
				CLANG_ENABLE_OBJC_ARC = YES;
				CLANG_ENABLE_OBJC_WEAK = YES;
				CLANG_WARN_BLOCK_CAPTURE_AUTORELEASING = YES;
				CLANG_WARN_BOOL_CONVERSION = YES;
				CLANG_WARN_COMMA = YES;
				CLANG_WARN_CONSTANT_CONVERSION = YES;
				CLANG_WARN_DEPRECATED_OBJC_IMPLEMENTATIONS = YES;
				CLANG_WARN_DIRECT_OBJC_ISA_USAGE = YES_ERROR;
				CLANG_WARN_DOCUMENTATION_COMMENTS = YES;
				CLANG_WARN_EMPTY_BODY = YES;
				CLANG_WARN_ENUM_CONVERSION = YES;
				CLANG_WARN_INFINITE_RECURSION = YES;
				CLANG_WARN_INT_CONVERSION = YES;
				CLANG_WARN_NON_LITERAL_NULL_CONVERSION = YES;
				CLANG_WARN_OBJC_IMPLICIT_RETAIN_SELF = YES;
				CLANG_WARN_OBJC_LITERAL_CONVERSION = YES;
				CLANG_WARN_OBJC_ROOT_CLASS = YES_ERROR;
				CLANG_WARN_QUOTED_INCLUDE_IN_FRAMEWORK_HEADER = YES;
				CLANG_WARN_RANGE_LOOP_ANALYSIS = YES;
				CLANG_WARN_STRICT_PROTOTYPES = YES;
				CLANG_WARN_SUSPICIOUS_MOVE = YES;
				CLANG_WARN_UNGUARDED_AVAILABILITY = YES_AGGRESSIVE;
				CLANG_WARN_UNREACHABLE_CODE = YES;
				CLANG_WARN__DUPLICATE_METHOD_MATCH = YES;
				COPY_PHASE_STRIP = NO;
				DEBUG_INFORMATION_FORMAT = "dwarf-with-dsym";
				ENABLE_NS_ASSERTIONS = NO;
				ENABLE_STRICT_OBJC_MSGSEND = YES;
				ENABLE_USER_SCRIPT_SANDBOXING = NO;
				GCC_C_LANGUAGE_STANDARD = gnu17;
				GCC_NO_COMMON_BLOCKS = YES;
				GCC_WARN_64_TO_32_BIT_CONVERSION = YES;
				GCC_WARN_ABOUT_RETURN_TYPE = YES_ERROR;
				GCC_WARN_UNDECLARED_SELECTOR = YES;
				GCC_WARN_UNINITIALIZED_AUTOS = YES_AGGRESSIVE;
				GCC_WARN_UNUSED_FUNCTION = YES;
				GCC_WARN_UNUSED_VARIABLE = YES;
				IPHONEOS_DEPLOYMENT_TARGET = 15.4;
				LOCALIZATION_PREFERS_STRING_CATALOGS = YES;
				MTL_ENABLE_DEBUG_INFO = NO;
				MTL_FAST_MATH = YES;
				SDKROOT = iphoneos;
				SWIFT_COMPILATION_MODE = wholemodule;
				VALIDATE_PRODUCT = YES;
			};
			name = Release;
		};
		442440742AC064670090279B /* Debug */ = {
			isa = XCBuildConfiguration;
			baseConfigurationReference = E8D5D93CA85EB20539AB2BD5 /* Pods-TestAppForBalinasoft.debug.xcconfig */;
			buildSettings = {
				ASSETCATALOG_COMPILER_APPICON_NAME = AppIcon;
				ASSETCATALOG_COMPILER_GLOBAL_ACCENT_COLOR_NAME = AccentColor;
				CODE_SIGN_STYLE = Automatic;
				CURRENT_PROJECT_VERSION = 1;
				DEVELOPMENT_TEAM = U42JKQ2R63;
				GENERATE_INFOPLIST_FILE = YES;
				INFOPLIST_FILE = TestAppForBalinasoft/Info.plist;
				INFOPLIST_KEY_UIApplicationSupportsIndirectInputEvents = YES;
				INFOPLIST_KEY_UILaunchStoryboardName = LaunchScreen;
				INFOPLIST_KEY_UIMainStoryboardFile = Main;
				INFOPLIST_KEY_UISupportedInterfaceOrientations_iPad = "UIInterfaceOrientationPortrait UIInterfaceOrientationPortraitUpsideDown UIInterfaceOrientationLandscapeLeft UIInterfaceOrientationLandscapeRight";
				INFOPLIST_KEY_UISupportedInterfaceOrientations_iPhone = "UIInterfaceOrientationPortrait UIInterfaceOrientationLandscapeLeft UIInterfaceOrientationLandscapeRight";
				IPHONEOS_DEPLOYMENT_TARGET = 15.4;
				LD_RUNPATH_SEARCH_PATHS = (
					"$(inherited)",
					"@executable_path/Frameworks",
				);
				MARKETING_VERSION = 1.0;
				PRODUCT_BUNDLE_IDENTIFIER = Test.TestAppForBalinasoft;
				PRODUCT_NAME = "$(TARGET_NAME)";
				SUPPORTED_PLATFORMS = "iphoneos iphonesimulator";
				SUPPORTS_MACCATALYST = NO;
				SUPPORTS_MAC_DESIGNED_FOR_IPHONE_IPAD = NO;
				SWIFT_EMIT_LOC_STRINGS = YES;
				SWIFT_VERSION = 5.0;
				TARGETED_DEVICE_FAMILY = 1;
			};
			name = Debug;
		};
		442440752AC064670090279B /* Release */ = {
			isa = XCBuildConfiguration;
			baseConfigurationReference = DA285F3ECCD2A3C026A6963F /* Pods-TestAppForBalinasoft.release.xcconfig */;
			buildSettings = {
				ASSETCATALOG_COMPILER_APPICON_NAME = AppIcon;
				ASSETCATALOG_COMPILER_GLOBAL_ACCENT_COLOR_NAME = AccentColor;
				CODE_SIGN_STYLE = Automatic;
				CURRENT_PROJECT_VERSION = 1;
				DEVELOPMENT_TEAM = U42JKQ2R63;
				GENERATE_INFOPLIST_FILE = YES;
				INFOPLIST_FILE = TestAppForBalinasoft/Info.plist;
				INFOPLIST_KEY_UIApplicationSupportsIndirectInputEvents = YES;
				INFOPLIST_KEY_UILaunchStoryboardName = LaunchScreen;
				INFOPLIST_KEY_UIMainStoryboardFile = Main;
				INFOPLIST_KEY_UISupportedInterfaceOrientations_iPad = "UIInterfaceOrientationPortrait UIInterfaceOrientationPortraitUpsideDown UIInterfaceOrientationLandscapeLeft UIInterfaceOrientationLandscapeRight";
				INFOPLIST_KEY_UISupportedInterfaceOrientations_iPhone = "UIInterfaceOrientationPortrait UIInterfaceOrientationLandscapeLeft UIInterfaceOrientationLandscapeRight";
				IPHONEOS_DEPLOYMENT_TARGET = 15.4;
				LD_RUNPATH_SEARCH_PATHS = (
					"$(inherited)",
					"@executable_path/Frameworks",
				);
				MARKETING_VERSION = 1.0;
				PRODUCT_BUNDLE_IDENTIFIER = Test.TestAppForBalinasoft;
				PRODUCT_NAME = "$(TARGET_NAME)";
				SUPPORTED_PLATFORMS = "iphoneos iphonesimulator";
				SUPPORTS_MACCATALYST = NO;
				SUPPORTS_MAC_DESIGNED_FOR_IPHONE_IPAD = NO;
				SWIFT_EMIT_LOC_STRINGS = YES;
				SWIFT_VERSION = 5.0;
				TARGETED_DEVICE_FAMILY = 1;
			};
			name = Release;
		};
/* End XCBuildConfiguration section */

/* Begin XCConfigurationList section */
		4424405A2AC064660090279B /* Build configuration list for PBXProject "TestAppForBalinasoft" */ = {
			isa = XCConfigurationList;
			buildConfigurations = (
				442440712AC064670090279B /* Debug */,
				442440722AC064670090279B /* Release */,
			);
			defaultConfigurationIsVisible = 0;
			defaultConfigurationName = Release;
		};
		442440732AC064670090279B /* Build configuration list for PBXNativeTarget "TestAppForBalinasoft" */ = {
			isa = XCConfigurationList;
			buildConfigurations = (
				442440742AC064670090279B /* Debug */,
				442440752AC064670090279B /* Release */,
			);
			defaultConfigurationIsVisible = 0;
			defaultConfigurationName = Release;
		};
/* End XCConfigurationList section */

/* Begin XCRemoteSwiftPackageReference section */
		44159EB42AC07882002A4790 /* XCRemoteSwiftPackageReference "SDWebImage" */ = {
			isa = XCRemoteSwiftPackageReference;
			repositoryURL = "https://github.com/SDWebImage/SDWebImage";
			requirement = {
				kind = upToNextMajorVersion;
				minimumVersion = 5.18.2;
			};
		};
/* End XCRemoteSwiftPackageReference section */

/* Begin XCSwiftPackageProductDependency section */
		44159EB52AC07882002A4790 /* SDWebImage */ = {
			isa = XCSwiftPackageProductDependency;
			package = 44159EB42AC07882002A4790 /* XCRemoteSwiftPackageReference "SDWebImage" */;
			productName = SDWebImage;
		};
		44159EB72AC07882002A4790 /* SDWebImageMapKit */ = {
			isa = XCSwiftPackageProductDependency;
			package = 44159EB42AC07882002A4790 /* XCRemoteSwiftPackageReference "SDWebImage" */;
			productName = SDWebImageMapKit;
		};
/* End XCSwiftPackageProductDependency section */
	};
	rootObject = 442440572AC064660090279B /* Project object */;
}
